{
  "version": 4,
  "terraform_version": "1.3.1",
  "serial": 96,
  "lineage": "c174b2c6-1716-288c-55c0-19dc7f4bb1d4",
  "outputs": {},
  "resources": [
    {
      "mode": "managed",
      "type": "azurerm_app_service_source_control",
      "name": "source_control",
      "provider": "provider[\"registry.terraform.io/hashicorp/azurerm\"]",
      "instances": [
        {
          "schema_version": 0,
          "attributes": {
            "app_id": "/subscriptions/4379ddc6-d045-4d91-9844-52690a3371a8/resourceGroups/Devops-Pathways-Webapp/providers/Microsoft.Web/sites/Devops-prod-pathways1",
            "branch": "master",
            "github_action_configuration": [],
            "id": "/subscriptions/4379ddc6-d045-4d91-9844-52690a3371a8/resourceGroups/Devops-Pathways-Webapp/providers/Microsoft.Web/sites/Devops-prod-pathways1",
            "repo_url": "https://github.com/Sanketpatil-dev/devops-demo",
            "rollback_enabled": false,
            "scm_type": "GitHub",
            "timeouts": null,
            "use_local_git": false,
            "use_manual_integration": false,
            "use_mercurial": false,
            "uses_github_action": false
          },
          "sensitive_attributes": [],
          "private": "eyJlMmJmYjczMC1lY2FhLTExZTYtOGY4OC0zNDM2M2JjN2M0YzAiOnsiY3JlYXRlIjoxODAwMDAwMDAwMDAwLCJkZWxldGUiOjE4MDAwMDAwMDAwMDAsInJlYWQiOjMwMDAwMDAwMDAwMH19",
          "dependencies": [
            "azurerm_linux_web_app.Webapp",
            "azurerm_resource_group.rg",
            "azurerm_service_plan.service_plan"
          ]
        }
      ]
    },
    {
      "mode": "managed",
      "type": "azurerm_linux_web_app",
      "name": "Webapp",
      "provider": "provider[\"registry.terraform.io/hashicorp/azurerm\"]",
      "instances": [
        {
          "schema_version": 0,
          "attributes": {
            "app_settings": null,
            "auth_settings": [
              {
                "active_directory": [],
                "additional_login_parameters": {},
                "allowed_external_redirect_urls": [],
                "default_provider": "",
                "enabled": false,
                "facebook": [],
                "github": [],
                "google": [],
                "issuer": "",
                "microsoft": [],
                "runtime_version": "",
                "token_refresh_extension_hours": 0,
                "token_store_enabled": false,
                "twitter": [],
                "unauthenticated_client_action": ""
              }
            ],
            "backup": [],
            "client_affinity_enabled": false,
            "client_certificate_enabled": false,
            "client_certificate_exclusion_paths": "",
            "client_certificate_mode": "Required",
            "connection_string": [],
            "custom_domain_verification_id": "F5032E699B4CAD7CC7EAE17D33AD3F8DCB131A126E6F43C77E1B9154222AA5F2",
            "default_hostname": "devops-prod-pathways1.azurewebsites.net",
            "enabled": true,
            "https_only": false,
            "id": "/subscriptions/4379ddc6-d045-4d91-9844-52690a3371a8/resourceGroups/Devops-Pathways-Webapp/providers/Microsoft.Web/sites/Devops-prod-pathways1",
            "identity": [],
            "key_vault_reference_identity_id": "SystemAssigned",
            "kind": "app,linux",
            "location": "eastus",
            "logs": [],
            "name": "Devops-prod-pathways1",
            "outbound_ip_address_list": [
              "20.241.147.183",
              "20.241.147.185",
              "20.241.147.243",
              "20.241.148.129",
              "20.241.148.158",
              "20.241.148.192",
              "20.119.0.28"
            ],
            "outbound_ip_addresses": "20.241.147.183,20.241.147.185,20.241.147.243,20.241.148.129,20.241.148.158,20.241.148.192,20.119.0.28",
            "possible_outbound_ip_address_list": [
              "20.241.146.223",
              "20.241.146.241",
              "20.241.147.58",
              "20.241.147.85",
              "20.241.147.165",
              "20.241.147.174",
              "20.241.147.183",
              "20.241.147.185",
              "20.241.147.243",
              "20.241.148.129",
              "20.241.148.158",
              "20.241.148.192",
              "20.241.148.209",
              "20.241.148.210",
              "20.241.146.195",
              "20.241.148.212",
              "20.241.148.246",
              "20.241.149.67",
              "20.241.149.123",
              "20.241.149.124",
              "20.241.149.138",
              "20.241.149.141",
              "20.241.149.193",
              "20.241.149.199",
              "20.119.0.28"
            ],
            "possible_outbound_ip_addresses": "20.241.146.223,20.241.146.241,20.241.147.58,20.241.147.85,20.241.147.165,20.241.147.174,20.241.147.183,20.241.147.185,20.241.147.243,20.241.148.129,20.241.148.158,20.241.148.192,20.241.148.209,20.241.148.210,20.241.146.195,20.241.148.212,20.241.148.246,20.241.149.67,20.241.149.123,20.241.149.124,20.241.149.138,20.241.149.141,20.241.149.193,20.241.149.199,20.119.0.28",
            "resource_group_name": "Devops-Pathways-Webapp",
            "service_plan_id": "/subscriptions/4379ddc6-d045-4d91-9844-52690a3371a8/resourceGroups/Devops-Pathways-Webapp/providers/Microsoft.Web/serverfarms/Devops_Service_Plan1",
            "site_config": [
              {
                "always_on": true,
                "api_definition_url": "",
                "api_management_api_id": "",
                "app_command_line": "",
                "application_stack": [
                  {
                    "docker_image": "",
                    "docker_image_tag": "",
                    "dotnet_version": "",
                    "java_server": "",
                    "java_server_version": "",
                    "java_version": "",
                    "node_version": "",
                    "php_version": "",
                    "python_version": "3.10",
                    "ruby_version": ""
                  }
                ],
                "auto_heal_enabled": false,
                "auto_heal_setting": [],
                "container_registry_managed_identity_client_id": "",
                "container_registry_use_managed_identity": false,
                "cors": [],
                "default_documents": [
                  "Default.htm",
                  "Default.html",
                  "Default.asp",
                  "index.htm",
                  "index.html",
                  "iisstart.htm",
                  "default.aspx",
                  "index.php",
                  "hostingstart.html"
                ],
                "detailed_error_logging_enabled": false,
                "ftps_state": "Disabled",
                "health_check_eviction_time_in_min": 0,
                "health_check_path": "",
                "http2_enabled": false,
                "ip_restriction": [],
                "linux_fx_version": "PYTHON|3.10",
                "load_balancing_mode": "LeastRequests",
                "local_mysql_enabled": false,
                "managed_pipeline_mode": "Integrated",
                "minimum_tls_version": "1.2",
                "remote_debugging_enabled": false,
                "remote_debugging_version": "VS2019",
                "scm_ip_restriction": [],
                "scm_minimum_tls_version": "1.2",
                "scm_type": "None",
                "scm_use_main_ip_restriction": false,
                "use_32_bit_worker": true,
                "vnet_route_all_enabled": false,
                "websockets_enabled": false,
                "worker_count": 1
              }
            ],
            "site_credential": [
              {
                "name": "$Devops-prod-pathways1",
                "password": "Y02zRZcuwxm1ozZQst4Tq1pHrGQXX6Kaxtt6tmwPGjct6EATneh1NgJ5S36c"
              }
            ],
            "sticky_settings": [],
            "storage_account": [],
            "tags": null,
            "timeouts": null,
            "virtual_network_subnet_id": "",
            "zip_deploy_file": ""
          },
          "sensitive_attributes": [],
          "private": "eyJlMmJmYjczMC1lY2FhLTExZTYtOGY4OC0zNDM2M2JjN2M0YzAiOnsiY3JlYXRlIjoxODAwMDAwMDAwMDAwLCJkZWxldGUiOjE4MDAwMDAwMDAwMDAsInJlYWQiOjMwMDAwMDAwMDAwMCwidXBkYXRlIjoxODAwMDAwMDAwMDAwfX0=",
          "dependencies": [
            "azurerm_resource_group.rg",
            "azurerm_service_plan.service_plan"
          ]
        }
      ]
    },
    {
      "mode": "managed",
      "type": "azurerm_resource_group",
      "name": "rg",
      "provider": "provider[\"registry.terraform.io/hashicorp/azurerm\"]",
      "instances": [
        {
          "schema_version": 0,
          "attributes": {
            "id": "/subscriptions/4379ddc6-d045-4d91-9844-52690a3371a8/resourceGroups/Devops-Pathways-Webapp",
            "location": "eastus",
            "name": "Devops-Pathways-Webapp",
            "tags": null,
            "timeouts": null
          },
          "sensitive_attributes": [],
          "private": "eyJlMmJmYjczMC1lY2FhLTExZTYtOGY4OC0zNDM2M2JjN2M0YzAiOnsiY3JlYXRlIjo1NDAwMDAwMDAwMDAwLCJkZWxldGUiOjU0MDAwMDAwMDAwMDAsInJlYWQiOjMwMDAwMDAwMDAwMCwidXBkYXRlIjo1NDAwMDAwMDAwMDAwfX0="
        }
      ]
    },
    {
      "mode": "managed",
      "type": "azurerm_service_plan",
      "name": "service_plan",
      "provider": "provider[\"registry.terraform.io/hashicorp/azurerm\"]",
      "instances": [
        {
          "schema_version": 0,
          "attributes": {
            "app_service_environment_id": "",
            "id": "/subscriptions/4379ddc6-d045-4d91-9844-52690a3371a8/resourceGroups/Devops-Pathways-Webapp/providers/Microsoft.Web/serverfarms/Devops_Service_Plan1",
            "kind": "linux",
            "location": "eastus",
            "maximum_elastic_worker_count": 1,
            "name": "Devops_Service_Plan1",
            "os_type": "Linux",
            "per_site_scaling_enabled": false,
            "reserved": true,
            "resource_group_name": "Devops-Pathways-Webapp",
            "sku_name": "P1v2",
            "tags": null,
            "timeouts": null,
            "worker_count": 1,
            "zone_balancing_enabled": false
          },
          "sensitive_attributes": [],
          "private": "eyJlMmJmYjczMC1lY2FhLTExZTYtOGY4OC0zNDM2M2JjN2M0YzAiOnsiY3JlYXRlIjozNjAwMDAwMDAwMDAwLCJkZWxldGUiOjM2MDAwMDAwMDAwMDAsInJlYWQiOjMwMDAwMDAwMDAwMCwidXBkYXRlIjozNjAwMDAwMDAwMDAwfX0=",
          "dependencies": [
            "azurerm_resource_group.rg"
          ]
        }
      ]
    }
  ],
  "check_results": []
}
